
Microsoft Visual Studio Solution File, Format Version 12.00
# Visual Studio Version 16
VisualStudioVersion = 16.0.32002.261
MinimumVisualStudioVersion = 10.0.40219.1
Project("{FAE04EC0-301F-11D3-BF4B-00C04F79EFBC}") = "workshop", "workshop\workshop.csproj", "{9603D833-3EAE-4B32-B0FF-648607D345A8}"
EndProject
Global
	GlobalSection(SolutionConfigurationPlatforms) = preSolution
		Debug|Any CPU = Debug|Any CPU
		Release|Any CPU = Release|Any CPU
	EndGlobalSection
	GlobalSection(ProjectConfigurationPlatforms) = postSolution
		{9603D833-3EAE-4B32-B0FF-648607D345A8}.Debug|Any CPU.ActiveCfg = Debug|Any CPU
		{9603D833-3EAE-4B32-B0FF-648607D345A8}.Debug|Any CPU.Build.0 = Debug|Any CPU
		{9603D833-3EAE-4B32-B0FF-648607D345A8}.Release|Any CPU.ActiveCfg = Release|Any CPU
		{9603D833-3EAE-4B32-B0FF-648607D345A8}.Release|Any CPU.Build.0 = Release|Any CPU
	EndGlobalSection
	GlobalSection(SolutionProperties) = preSolution
		HideSolutionNode = FALSE
	EndGlobalSection
	GlobalSection(ExtensibilityGlobals) = postSolution
		SolutionGuid = {8037CE5B-8455-427C-9DB9-7CE1AAF4F609}
	EndGlobalSection
EndGlobal
